
Microsoft Visual Studio Solution File, Format Version 12.00
# Visual Studio Version 17
VisualStudioVersion = 17.5.002.0
MinimumVisualStudioVersion = 10.0.40219.1
Project("{9A19103F-16F7-4668-BE54-9A1E7A4F7556}") = "VideoConverter", "VideoConverter.csproj", "{34142DE1-CA51-4D67-8548-47A0924EEF34}"
EndProject
Global
	GlobalSection(SolutionConfigurationPlatforms) = preSolution
		Debug|Any CPU = Debug|Any CPU
		Release|Any CPU = Release|Any CPU
	EndGlobalSection
	GlobalSection(ProjectConfigurationPlatforms) = postSolution
		{34142DE1-CA51-4D67-8548-47A0924EEF34}.Debug|Any CPU.ActiveCfg = Debug|Any CPU
		{34142DE1-CA51-4D67-8548-47A0924EEF34}.Debug|Any CPU.Build.0 = Debug|Any CPU
		{34142DE1-CA51-4D67-8548-47A0924EEF34}.Release|Any CPU.ActiveCfg = Release|Any CPU
		{34142DE1-CA51-4D67-8548-47A0924EEF34}.Release|Any CPU.Build.0 = Release|Any CPU
	EndGlobalSection
	GlobalSection(SolutionProperties) = preSolution
		HideSolutionNode = FALSE
	EndGlobalSection
	GlobalSection(ExtensibilityGlobals) = postSolution
		SolutionGuid = {43276A99-11D2-439A-B612-D820BC558A8E}
	EndGlobalSection
EndGlobal
